// !$*UTF8*$!
{
	archiveVersion = 1;
	classes = {
	};
	objectVersion = 56;
	objects = {

/* Begin PBXBuildFile section */
		A00BC0672C559DB300B8E24D /* SongView.swift in Sources */ = {isa = PBXBuildFile; fileRef = A00BC0662C559DB300B8E24D /* SongView.swift */; };
		A00BC06B2C559E5600B8E24D /* ScreenSize.swift in Sources */ = {isa = PBXBuildFile; fileRef = A00BC06A2C559E5600B8E24D /* ScreenSize.swift */; };
		A00BC06D2C55A1B800B8E24D /* AlbumView.swift in Sources */ = {isa = PBXBuildFile; fileRef = A00BC06C2C55A1B800B8E24D /* AlbumView.swift */; };
		A00BC06F2C5724E500B8E24D /* Modifiers.swift in Sources */ = {isa = PBXBuildFile; fileRef = A00BC06E2C5724E500B8E24D /* Modifiers.swift */; };
		A00BC0712C5725AD00B8E24D /* AlbumSongView.swift in Sources */ = {isa = PBXBuildFile; fileRef = A00BC0702C5725AD00B8E24D /* AlbumSongView.swift */; };
		A00BC0742C5727B200B8E24D /* StarView.swift in Sources */ = {isa = PBXBuildFile; fileRef = A00BC0732C5727B200B8E24D /* StarView.swift */; };
		A0163A832C31BFB4009CE295 /* RecentlyPlayed.swift in Sources */ = {isa = PBXBuildFile; fileRef = A0163A822C31BFB4009CE295 /* RecentlyPlayed.swift */; };
		A0163A872C31C455009CE295 /* SearchBar.swift in Sources */ = {isa = PBXBuildFile; fileRef = A0163A862C31C455009CE295 /* SearchBar.swift */; };
		A0196D9B2C5E9BE5001E3635 /* RootView.swift in Sources */ = {isa = PBXBuildFile; fileRef = A0196D9A2C5E9BE5001E3635 /* RootView.swift */; };
		A0196D9E2C5E9C54001E3635 /* RootViewModel.swift in Sources */ = {isa = PBXBuildFile; fileRef = A0196D9D2C5E9C54001E3635 /* RootViewModel.swift */; };
		A0196DA02C5E9DB8001E3635 /* LoginView.swift in Sources */ = {isa = PBXBuildFile; fileRef = A0196D9F2C5E9DB8001E3635 /* LoginView.swift */; };
		A0196DA22C5E9DC4001E3635 /* LoginViewModel.swift in Sources */ = {isa = PBXBuildFile; fileRef = A0196DA12C5E9DC4001E3635 /* LoginViewModel.swift */; };
		A0196DA42C5E9F5C001E3635 /* AddEmailView.swift in Sources */ = {isa = PBXBuildFile; fileRef = A0196DA32C5E9F5C001E3635 /* AddEmailView.swift */; };
		A0196DA62C5E9F8E001E3635 /* RegistrationViewModel.swift in Sources */ = {isa = PBXBuildFile; fileRef = A0196DA52C5E9F8E001E3635 /* RegistrationViewModel.swift */; };
		A0196DA82C5EA010001E3635 /* CreateUsernameView.swift in Sources */ = {isa = PBXBuildFile; fileRef = A0196DA72C5EA010001E3635 /* CreateUsernameView.swift */; };
		A0196DAA2C5EA036001E3635 /* CreatePasswordView.swift in Sources */ = {isa = PBXBuildFile; fileRef = A0196DA92C5EA036001E3635 /* CreatePasswordView.swift */; };
		A0196DAC2C5EA05D001E3635 /* CompleteSignUpView.swift in Sources */ = {isa = PBXBuildFile; fileRef = A0196DAB2C5EA05D001E3635 /* CompleteSignUpView.swift */; };
		A06F62432C31BCF10099892F /* FirebaseAppDistribution-Beta in Frameworks */ = {isa = PBXBuildFile; productRef = A06F62422C31BCF10099892F /* FirebaseAppDistribution-Beta */; };
		A07025552C277613001C8E96 /* MusicAppApp.swift in Sources */ = {isa = PBXBuildFile; fileRef = A07025542C277613001C8E96 /* MusicAppApp.swift */; };
		A07025572C277613001C8E96 /* ContentView.swift in Sources */ = {isa = PBXBuildFile; fileRef = A07025562C277613001C8E96 /* ContentView.swift */; };
		A07025592C277614001C8E96 /* Assets.xcassets in Resources */ = {isa = PBXBuildFile; fileRef = A07025582C277614001C8E96 /* Assets.xcassets */; };
		A070255C2C277614001C8E96 /* Preview Assets.xcassets in Resources */ = {isa = PBXBuildFile; fileRef = A070255B2C277614001C8E96 /* Preview Assets.xcassets */; };
		A07025662C277614001C8E96 /* MusicAppTests.swift in Sources */ = {isa = PBXBuildFile; fileRef = A07025652C277614001C8E96 /* MusicAppTests.swift */; };
		A07025702C277614001C8E96 /* MusicAppUITests.swift in Sources */ = {isa = PBXBuildFile; fileRef = A070256F2C277614001C8E96 /* MusicAppUITests.swift */; };
		A07025722C277614001C8E96 /* MusicAppUITestsLaunchTests.swift in Sources */ = {isa = PBXBuildFile; fileRef = A07025712C277614001C8E96 /* MusicAppUITestsLaunchTests.swift */; };
		A070257F2C277638001C8E96 /* User.swift in Sources */ = {isa = PBXBuildFile; fileRef = A070257E2C277638001C8E96 /* User.swift */; };
		A070259D2C278B6F001C8E96 /* Keys.swift in Sources */ = {isa = PBXBuildFile; fileRef = A070259C2C278B6F001C8E96 /* Keys.swift */; };
		A07025A32C278C2D001C8E96 /* AuthService.swift in Sources */ = {isa = PBXBuildFile; fileRef = A07025A22C278C2D001C8E96 /* AuthService.swift */; };
		A07025A62C278C73001C8E96 /* FirebaseAppCheck in Frameworks */ = {isa = PBXBuildFile; productRef = A07025A52C278C73001C8E96 /* FirebaseAppCheck */; };
		A07025A82C278C73001C8E96 /* FirebaseAuth in Frameworks */ = {isa = PBXBuildFile; productRef = A07025A72C278C73001C8E96 /* FirebaseAuth */; };
		A07025AA2C278C73001C8E96 /* FirebaseAuthCombine-Community in Frameworks */ = {isa = PBXBuildFile; productRef = A07025A92C278C73001C8E96 /* FirebaseAuthCombine-Community */; };
		A07025AC2C278C73001C8E96 /* FirebaseDatabase in Frameworks */ = {isa = PBXBuildFile; productRef = A07025AB2C278C73001C8E96 /* FirebaseDatabase */; };
		A07025AE2C278C73001C8E96 /* FirebaseDatabaseSwift in Frameworks */ = {isa = PBXBuildFile; productRef = A07025AD2C278C73001C8E96 /* FirebaseDatabaseSwift */; };
		A07025B02C278C73001C8E96 /* FirebaseFirestore in Frameworks */ = {isa = PBXBuildFile; productRef = A07025AF2C278C73001C8E96 /* FirebaseFirestore */; };
		A07025B22C278C73001C8E96 /* FirebaseFirestoreCombine-Community in Frameworks */ = {isa = PBXBuildFile; productRef = A07025B12C278C73001C8E96 /* FirebaseFirestoreCombine-Community */; };
		A07025B42C278C73001C8E96 /* FirebaseFirestoreSwift in Frameworks */ = {isa = PBXBuildFile; productRef = A07025B32C278C73001C8E96 /* FirebaseFirestoreSwift */; };
		A07025B62C278C73001C8E96 /* FirebaseMessaging in Frameworks */ = {isa = PBXBuildFile; productRef = A07025B52C278C73001C8E96 /* FirebaseMessaging */; };
		A07025B82C278C73001C8E96 /* FirebaseStorage in Frameworks */ = {isa = PBXBuildFile; productRef = A07025B72C278C73001C8E96 /* FirebaseStorage */; };
		A07025BA2C278C73001C8E96 /* FirebaseStorageCombine-Community in Frameworks */ = {isa = PBXBuildFile; productRef = A07025B92C278C73001C8E96 /* FirebaseStorageCombine-Community */; };
		A07025C02C279929001C8E96 /* Track.swift in Sources */ = {isa = PBXBuildFile; fileRef = A07025BF2C279929001C8E96 /* Track.swift */; };
		A07025C22C27994C001C8E96 /* Playlist.swift in Sources */ = {isa = PBXBuildFile; fileRef = A07025C12C27994C001C8E96 /* Playlist.swift */; };
		A07025C42C279974001C8E96 /* Artist.swift in Sources */ = {isa = PBXBuildFile; fileRef = A07025C32C279974001C8E96 /* Artist.swift */; };
		A07025C62C2799B2001C8E96 /* Album.swift in Sources */ = {isa = PBXBuildFile; fileRef = A07025C52C2799B2001C8E96 /* Album.swift */; };
		A07025C82C28ABCB001C8E96 /* SpotifyService.swift in Sources */ = {isa = PBXBuildFile; fileRef = A07025C72C28ABCA001C8E96 /* SpotifyService.swift */; };
		A07025CD2C28B05B001C8E96 /* GoogleService-Info.plist in Resources */ = {isa = PBXBuildFile; fileRef = A07025BB2C278C9E001C8E96 /* GoogleService-Info.plist */; };
		A07025CE2C28B05C001C8E96 /* GoogleService-Info.plist in Resources */ = {isa = PBXBuildFile; fileRef = A07025BB2C278C9E001C8E96 /* GoogleService-Info.plist */; };
		A07025CF2C28B05C001C8E96 /* GoogleService-Info.plist in Resources */ = {isa = PBXBuildFile; fileRef = A07025BB2C278C9E001C8E96 /* GoogleService-Info.plist */; };
		A0B7E3FC2C5FF07600929B4A /* ProfileView.swift in Sources */ = {isa = PBXBuildFile; fileRef = A0B7E3FB2C5FF07600929B4A /* ProfileView.swift */; };
		A0B7E3FE2C5FF0B700929B4A /* ProfileRowView.swift in Sources */ = {isa = PBXBuildFile; fileRef = A0B7E3FD2C5FF0B700929B4A /* ProfileRowView.swift */; };
		A0EDB4C42C31C9FF00FAD806 /* ChartView.swift in Sources */ = {isa = PBXBuildFile; fileRef = A0EDB4C32C31C9FF00FAD806 /* ChartView.swift */; };
		A0EDB4C62C31CAFE00FAD806 /* OuterChartView.swift in Sources */ = {isa = PBXBuildFile; fileRef = A0EDB4C52C31CAFD00FAD806 /* OuterChartView.swift */; };
		A0EDB4C92C3201EE00FAD806 /* ProfileHeaderView.swift in Sources */ = {isa = PBXBuildFile; fileRef = A0EDB4C82C3201EE00FAD806 /* ProfileHeaderView.swift */; };
/* End PBXBuildFile section */

/* Begin PBXContainerItemProxy section */
		A07025622C277614001C8E96 /* PBXContainerItemProxy */ = {
			isa = PBXContainerItemProxy;
			containerPortal = A07025492C277613001C8E96 /* Project object */;
			proxyType = 1;
			remoteGlobalIDString = A07025502C277613001C8E96;
			remoteInfo = MusicApp;
		};
		A070256C2C277614001C8E96 /* PBXContainerItemProxy */ = {
			isa = PBXContainerItemProxy;
			containerPortal = A07025492C277613001C8E96 /* Project object */;
			proxyType = 1;
			remoteGlobalIDString = A07025502C277613001C8E96;
			remoteInfo = MusicApp;
		};
/* End PBXContainerItemProxy section */

/* Begin PBXFileReference section */
		A00BC0662C559DB300B8E24D /* SongView.swift */ = {isa = PBXFileReference; lastKnownFileType = sourcecode.swift; path = SongView.swift; sourceTree = "<group>"; };
		A00BC06A2C559E5600B8E24D /* ScreenSize.swift */ = {isa = PBXFileReference; lastKnownFileType = sourcecode.swift; path = ScreenSize.swift; sourceTree = "<group>"; };
		A00BC06C2C55A1B800B8E24D /* AlbumView.swift */ = {isa = PBXFileReference; lastKnownFileType = sourcecode.swift; path = AlbumView.swift; sourceTree = "<group>"; };
		A00BC06E2C5724E500B8E24D /* Modifiers.swift */ = {isa = PBXFileReference; lastKnownFileType = sourcecode.swift; path = Modifiers.swift; sourceTree = "<group>"; };
		A00BC0702C5725AD00B8E24D /* AlbumSongView.swift */ = {isa = PBXFileReference; lastKnownFileType = sourcecode.swift; path = AlbumSongView.swift; sourceTree = "<group>"; };
		A00BC0732C5727B200B8E24D /* StarView.swift */ = {isa = PBXFileReference; lastKnownFileType = sourcecode.swift; path = StarView.swift; sourceTree = "<group>"; };
		A0163A822C31BFB4009CE295 /* RecentlyPlayed.swift */ = {isa = PBXFileReference; lastKnownFileType = sourcecode.swift; path = RecentlyPlayed.swift; sourceTree = "<group>"; };
		A0163A862C31C455009CE295 /* SearchBar.swift */ = {isa = PBXFileReference; lastKnownFileType = sourcecode.swift; path = SearchBar.swift; sourceTree = "<group>"; };
		A0196D9A2C5E9BE5001E3635 /* RootView.swift */ = {isa = PBXFileReference; lastKnownFileType = sourcecode.swift; path = RootView.swift; sourceTree = "<group>"; };
		A0196D9D2C5E9C54001E3635 /* RootViewModel.swift */ = {isa = PBXFileReference; lastKnownFileType = sourcecode.swift; path = RootViewModel.swift; sourceTree = "<group>"; };
		A0196D9F2C5E9DB8001E3635 /* LoginView.swift */ = {isa = PBXFileReference; lastKnownFileType = sourcecode.swift; path = LoginView.swift; sourceTree = "<group>"; };
		A0196DA12C5E9DC4001E3635 /* LoginViewModel.swift */ = {isa = PBXFileReference; lastKnownFileType = sourcecode.swift; path = LoginViewModel.swift; sourceTree = "<group>"; };
		A0196DA32C5E9F5C001E3635 /* AddEmailView.swift */ = {isa = PBXFileReference; lastKnownFileType = sourcecode.swift; path = AddEmailView.swift; sourceTree = "<group>"; };
		A0196DA52C5E9F8E001E3635 /* RegistrationViewModel.swift */ = {isa = PBXFileReference; lastKnownFileType = sourcecode.swift; path = RegistrationViewModel.swift; sourceTree = "<group>"; };
		A0196DA72C5EA010001E3635 /* CreateUsernameView.swift */ = {isa = PBXFileReference; lastKnownFileType = sourcecode.swift; path = CreateUsernameView.swift; sourceTree = "<group>"; };
		A0196DA92C5EA036001E3635 /* CreatePasswordView.swift */ = {isa = PBXFileReference; lastKnownFileType = sourcecode.swift; path = CreatePasswordView.swift; sourceTree = "<group>"; };
		A0196DAB2C5EA05D001E3635 /* CompleteSignUpView.swift */ = {isa = PBXFileReference; lastKnownFileType = sourcecode.swift; path = CompleteSignUpView.swift; sourceTree = "<group>"; };
		A07025512C277613001C8E96 /* MusicApp.app */ = {isa = PBXFileReference; explicitFileType = wrapper.application; includeInIndex = 0; path = MusicApp.app; sourceTree = BUILT_PRODUCTS_DIR; };
		A07025542C277613001C8E96 /* MusicAppApp.swift */ = {isa = PBXFileReference; lastKnownFileType = sourcecode.swift; path = MusicAppApp.swift; sourceTree = "<group>"; };
		A07025562C277613001C8E96 /* ContentView.swift */ = {isa = PBXFileReference; lastKnownFileType = sourcecode.swift; path = ContentView.swift; sourceTree = "<group>"; };
		A07025582C277614001C8E96 /* Assets.xcassets */ = {isa = PBXFileReference; lastKnownFileType = folder.assetcatalog; path = Assets.xcassets; sourceTree = "<group>"; };
		A070255B2C277614001C8E96 /* Preview Assets.xcassets */ = {isa = PBXFileReference; lastKnownFileType = folder.assetcatalog; path = "Preview Assets.xcassets"; sourceTree = "<group>"; };
		A07025612C277614001C8E96 /* MusicAppTests.xctest */ = {isa = PBXFileReference; explicitFileType = wrapper.cfbundle; includeInIndex = 0; path = MusicAppTests.xctest; sourceTree = BUILT_PRODUCTS_DIR; };
		A07025652C277614001C8E96 /* MusicAppTests.swift */ = {isa = PBXFileReference; lastKnownFileType = sourcecode.swift; path = MusicAppTests.swift; sourceTree = "<group>"; };
		A070256B2C277614001C8E96 /* MusicAppUITests.xctest */ = {isa = PBXFileReference; explicitFileType = wrapper.cfbundle; includeInIndex = 0; path = MusicAppUITests.xctest; sourceTree = BUILT_PRODUCTS_DIR; };
		A070256F2C277614001C8E96 /* MusicAppUITests.swift */ = {isa = PBXFileReference; lastKnownFileType = sourcecode.swift; path = MusicAppUITests.swift; sourceTree = "<group>"; };
		A07025712C277614001C8E96 /* MusicAppUITestsLaunchTests.swift */ = {isa = PBXFileReference; lastKnownFileType = sourcecode.swift; path = MusicAppUITestsLaunchTests.swift; sourceTree = "<group>"; };
		A070257E2C277638001C8E96 /* User.swift */ = {isa = PBXFileReference; lastKnownFileType = sourcecode.swift; path = User.swift; sourceTree = "<group>"; };
		A070259C2C278B6F001C8E96 /* Keys.swift */ = {isa = PBXFileReference; lastKnownFileType = sourcecode.swift; path = Keys.swift; sourceTree = "<group>"; };
		A07025A22C278C2D001C8E96 /* AuthService.swift */ = {isa = PBXFileReference; lastKnownFileType = sourcecode.swift; path = AuthService.swift; sourceTree = "<group>"; };
		A07025BB2C278C9E001C8E96 /* GoogleService-Info.plist */ = {isa = PBXFileReference; lastKnownFileType = text.plist.xml; path = "GoogleService-Info.plist"; sourceTree = "<group>"; };
		A07025BF2C279929001C8E96 /* Track.swift */ = {isa = PBXFileReference; lastKnownFileType = sourcecode.swift; path = Track.swift; sourceTree = "<group>"; };
		A07025C12C27994C001C8E96 /* Playlist.swift */ = {isa = PBXFileReference; lastKnownFileType = sourcecode.swift; path = Playlist.swift; sourceTree = "<group>"; };
		A07025C32C279974001C8E96 /* Artist.swift */ = {isa = PBXFileReference; lastKnownFileType = sourcecode.swift; path = Artist.swift; sourceTree = "<group>"; };
		A07025C52C2799B2001C8E96 /* Album.swift */ = {isa = PBXFileReference; lastKnownFileType = sourcecode.swift; path = Album.swift; sourceTree = "<group>"; };
		A07025C72C28ABCA001C8E96 /* SpotifyService.swift */ = {isa = PBXFileReference; lastKnownFileType = sourcecode.swift; path = SpotifyService.swift; sourceTree = "<group>"; };
		A0B7E3FB2C5FF07600929B4A /* ProfileView.swift */ = {isa = PBXFileReference; lastKnownFileType = sourcecode.swift; path = ProfileView.swift; sourceTree = "<group>"; };
		A0B7E3FD2C5FF0B700929B4A /* ProfileRowView.swift */ = {isa = PBXFileReference; lastKnownFileType = sourcecode.swift; path = ProfileRowView.swift; sourceTree = "<group>"; };
		A0EDB4C12C31C6D500FAD806 /* SwiftUI.framework */ = {isa = PBXFileReference; lastKnownFileType = wrapper.framework; name = SwiftUI.framework; path = System/Library/Frameworks/SwiftUI.framework; sourceTree = SDKROOT; };
		A0EDB4C32C31C9FF00FAD806 /* ChartView.swift */ = {isa = PBXFileReference; lastKnownFileType = sourcecode.swift; path = ChartView.swift; sourceTree = "<group>"; };
		A0EDB4C52C31CAFD00FAD806 /* OuterChartView.swift */ = {isa = PBXFileReference; lastKnownFileType = sourcecode.swift; path = OuterChartView.swift; sourceTree = "<group>"; };
		A0EDB4C82C3201EE00FAD806 /* ProfileHeaderView.swift */ = {isa = PBXFileReference; lastKnownFileType = sourcecode.swift; path = ProfileHeaderView.swift; sourceTree = "<group>"; };
/* End PBXFileReference section */

/* Begin PBXFrameworksBuildPhase section */
		A070254E2C277613001C8E96 /* Frameworks */ = {
			isa = PBXFrameworksBuildPhase;
			buildActionMask = 2147483647;
			files = (
				A07025BA2C278C73001C8E96 /* FirebaseStorageCombine-Community in Frameworks */,
				A07025B62C278C73001C8E96 /* FirebaseMessaging in Frameworks */,
				A07025AE2C278C73001C8E96 /* FirebaseDatabaseSwift in Frameworks */,
				A07025A62C278C73001C8E96 /* FirebaseAppCheck in Frameworks */,
				A07025B82C278C73001C8E96 /* FirebaseStorage in Frameworks */,
				A07025AA2C278C73001C8E96 /* FirebaseAuthCombine-Community in Frameworks */,
				A07025AC2C278C73001C8E96 /* FirebaseDatabase in Frameworks */,
				A07025A82C278C73001C8E96 /* FirebaseAuth in Frameworks */,
				A07025B02C278C73001C8E96 /* FirebaseFirestore in Frameworks */,
				A07025B22C278C73001C8E96 /* FirebaseFirestoreCombine-Community in Frameworks */,
				A07025B42C278C73001C8E96 /* FirebaseFirestoreSwift in Frameworks */,
				A06F62432C31BCF10099892F /* FirebaseAppDistribution-Beta in Frameworks */,
			);
			runOnlyForDeploymentPostprocessing = 0;
		};
		A070255E2C277614001C8E96 /* Frameworks */ = {
			isa = PBXFrameworksBuildPhase;
			buildActionMask = 2147483647;
			files = (
			);
			runOnlyForDeploymentPostprocessing = 0;
		};
		A07025682C277614001C8E96 /* Frameworks */ = {
			isa = PBXFrameworksBuildPhase;
			buildActionMask = 2147483647;
			files = (
			);
			runOnlyForDeploymentPostprocessing = 0;
		};
/* End PBXFrameworksBuildPhase section */

/* Begin PBXGroup section */
		A00BC0692C559E4000B8E24D /* Helpers */ = {
			isa = PBXGroup;
			children = (
				A00BC06A2C559E5600B8E24D /* ScreenSize.swift */,
				A00BC06E2C5724E500B8E24D /* Modifiers.swift */,
			);
			path = Helpers;
			sourceTree = "<group>";
		};
		A00BC0722C5725B900B8E24D /* SpotifyData */ = {
			isa = PBXGroup;
			children = (
				A00BC0662C559DB300B8E24D /* SongView.swift */,
				A00BC06C2C55A1B800B8E24D /* AlbumView.swift */,
				A00BC0702C5725AD00B8E24D /* AlbumSongView.swift */,
				A00BC0732C5727B200B8E24D /* StarView.swift */,
			);
			path = SpotifyData;
			sourceTree = "<group>";
		};
		A0163A852C31C42F009CE295 /* View */ = {
			isa = PBXGroup;
			children = (
				A0B7E3FA2C5FEDFD00929B4A /* Login */,
				A00BC0722C5725B900B8E24D /* SpotifyData */,
				A0EDB4C72C3201E100FAD806 /* ProfilePage */,
				A07025562C277613001C8E96 /* ContentView.swift */,
				A0163A862C31C455009CE295 /* SearchBar.swift */,
				A0196D9A2C5E9BE5001E3635 /* RootView.swift */,
			);
			path = View;
			sourceTree = "<group>";
		};
		A0196D9C2C5E9C35001E3635 /* ViewModel */ = {
			isa = PBXGroup;
			children = (
				A0196D9D2C5E9C54001E3635 /* RootViewModel.swift */,
				A0196DA12C5E9DC4001E3635 /* LoginViewModel.swift */,
				A0196DA52C5E9F8E001E3635 /* RegistrationViewModel.swift */,
			);
			path = ViewModel;
			sourceTree = "<group>";
		};
		A07025482C277613001C8E96 = {
			isa = PBXGroup;
			children = (
				A07025532C277613001C8E96 /* MusicApp */,
				A07025642C277614001C8E96 /* MusicAppTests */,
				A070256E2C277614001C8E96 /* MusicAppUITests */,
				A07025522C277613001C8E96 /* Products */,
				A0EDB4C02C31C6D500FAD806 /* Frameworks */,
			);
			sourceTree = "<group>";
		};
		A07025522C277613001C8E96 /* Products */ = {
			isa = PBXGroup;
			children = (
				A07025512C277613001C8E96 /* MusicApp.app */,
				A07025612C277614001C8E96 /* MusicAppTests.xctest */,
				A070256B2C277614001C8E96 /* MusicAppUITests.xctest */,
			);
			name = Products;
			sourceTree = "<group>";
		};
		A07025532C277613001C8E96 /* MusicApp */ = {
			isa = PBXGroup;
			children = (
				A07025BB2C278C9E001C8E96 /* GoogleService-Info.plist */,
				A07025BC2C2798D5001C8E96 /* App */,
				A07025A12C278C25001C8E96 /* Service */,
				A07025802C277677001C8E96 /* Model */,
				A07025582C277614001C8E96 /* Assets.xcassets */,
				A070259B2C278B65001C8E96 /* Keys */,
				A0196D9C2C5E9C35001E3635 /* ViewModel */,
				A0163A852C31C42F009CE295 /* View */,
				A00BC0692C559E4000B8E24D /* Helpers */,
				A070255A2C277614001C8E96 /* Preview Content */,
			);
			path = MusicApp;
			sourceTree = "<group>";
		};
		A070255A2C277614001C8E96 /* Preview Content */ = {
			isa = PBXGroup;
			children = (
				A070255B2C277614001C8E96 /* Preview Assets.xcassets */,
			);
			path = "Preview Content";
			sourceTree = "<group>";
		};
		A07025642C277614001C8E96 /* MusicAppTests */ = {
			isa = PBXGroup;
			children = (
				A07025652C277614001C8E96 /* MusicAppTests.swift */,
			);
			path = MusicAppTests;
			sourceTree = "<group>";
		};
		A070256E2C277614001C8E96 /* MusicAppUITests */ = {
			isa = PBXGroup;
			children = (
				A070256F2C277614001C8E96 /* MusicAppUITests.swift */,
				A07025712C277614001C8E96 /* MusicAppUITestsLaunchTests.swift */,
			);
			path = MusicAppUITests;
			sourceTree = "<group>";
		};
		A07025802C277677001C8E96 /* Model */ = {
			isa = PBXGroup;
			children = (
				A070257E2C277638001C8E96 /* User.swift */,
				A07025BF2C279929001C8E96 /* Track.swift */,
				A07025C52C2799B2001C8E96 /* Album.swift */,
				A07025C12C27994C001C8E96 /* Playlist.swift */,
				A07025C32C279974001C8E96 /* Artist.swift */,
				A0163A822C31BFB4009CE295 /* RecentlyPlayed.swift */,
			);
			path = Model;
			sourceTree = "<group>";
		};
		A070259B2C278B65001C8E96 /* Keys */ = {
			isa = PBXGroup;
			children = (
				A070259C2C278B6F001C8E96 /* Keys.swift */,
			);
			path = Keys;
			sourceTree = "<group>";
		};
		A07025A12C278C25001C8E96 /* Service */ = {
			isa = PBXGroup;
			children = (
				A07025A22C278C2D001C8E96 /* AuthService.swift */,
				A07025C72C28ABCA001C8E96 /* SpotifyService.swift */,
			);
			path = Service;
			sourceTree = "<group>";
		};
		A07025BC2C2798D5001C8E96 /* App */ = {
			isa = PBXGroup;
			children = (
				A07025542C277613001C8E96 /* MusicAppApp.swift */,
			);
			path = App;
			sourceTree = "<group>";
		};
		A0B7E3FA2C5FEDFD00929B4A /* Login */ = {
			isa = PBXGroup;
			children = (
				A0196D9F2C5E9DB8001E3635 /* LoginView.swift */,
				A0196DA72C5EA010001E3635 /* CreateUsernameView.swift */,
				A0196DA92C5EA036001E3635 /* CreatePasswordView.swift */,
				A0196DAB2C5EA05D001E3635 /* CompleteSignUpView.swift */,
				A0196DA32C5E9F5C001E3635 /* AddEmailView.swift */,
			);
			path = Login;
			sourceTree = "<group>";
		};
		A0EDB4C02C31C6D500FAD806 /* Frameworks */ = {
			isa = PBXGroup;
			children = (
				A0EDB4C12C31C6D500FAD806 /* SwiftUI.framework */,
			);
			name = Frameworks;
			sourceTree = "<group>";
		};
		A0EDB4C72C3201E100FAD806 /* ProfilePage */ = {
			isa = PBXGroup;
			children = (
				A0EDB4C82C3201EE00FAD806 /* ProfileHeaderView.swift */,
				A0B7E3FB2C5FF07600929B4A /* ProfileView.swift */,
				A0B7E3FD2C5FF0B700929B4A /* ProfileRowView.swift */,
				A0EDB4C32C31C9FF00FAD806 /* ChartView.swift */,
				A0EDB4C52C31CAFD00FAD806 /* OuterChartView.swift */,
			);
			path = ProfilePage;
			sourceTree = "<group>";
		};
/* End PBXGroup section */

/* Begin PBXNativeTarget section */
		A07025502C277613001C8E96 /* MusicApp */ = {
			isa = PBXNativeTarget;
			buildConfigurationList = A07025752C277614001C8E96 /* Build configuration list for PBXNativeTarget "MusicApp" */;
			buildPhases = (
				A070254D2C277613001C8E96 /* Sources */,
				A070254E2C277613001C8E96 /* Frameworks */,
				A070254F2C277613001C8E96 /* Resources */,
			);
			buildRules = (
			);
			dependencies = (
			);
			name = MusicApp;
			packageProductDependencies = (
				A07025A52C278C73001C8E96 /* FirebaseAppCheck */,
				A07025A72C278C73001C8E96 /* FirebaseAuth */,
				A07025A92C278C73001C8E96 /* FirebaseAuthCombine-Community */,
				A07025AB2C278C73001C8E96 /* FirebaseDatabase */,
				A07025AD2C278C73001C8E96 /* FirebaseDatabaseSwift */,
				A07025AF2C278C73001C8E96 /* FirebaseFirestore */,
				A07025B12C278C73001C8E96 /* FirebaseFirestoreCombine-Community */,
				A07025B32C278C73001C8E96 /* FirebaseFirestoreSwift */,
				A07025B52C278C73001C8E96 /* FirebaseMessaging */,
				A07025B72C278C73001C8E96 /* FirebaseStorage */,
				A07025B92C278C73001C8E96 /* FirebaseStorageCombine-Community */,
				A06F62422C31BCF10099892F /* FirebaseAppDistribution-Beta */,
			);
			productName = MusicApp;
			productReference = A07025512C277613001C8E96 /* MusicApp.app */;
			productType = "com.apple.product-type.application";
		};
		A07025602C277614001C8E96 /* MusicAppTests */ = {
			isa = PBXNativeTarget;
			buildConfigurationList = A07025782C277614001C8E96 /* Build configuration list for PBXNativeTarget "MusicAppTests" */;
			buildPhases = (
				A070255D2C277614001C8E96 /* Sources */,
				A070255E2C277614001C8E96 /* Frameworks */,
				A070255F2C277614001C8E96 /* Resources */,
			);
			buildRules = (
			);
			dependencies = (
				A07025632C277614001C8E96 /* PBXTargetDependency */,
			);
			name = MusicAppTests;
			productName = MusicAppTests;
			productReference = A07025612C277614001C8E96 /* MusicAppTests.xctest */;
			productType = "com.apple.product-type.bundle.unit-test";
		};
		A070256A2C277614001C8E96 /* MusicAppUITests */ = {
			isa = PBXNativeTarget;
			buildConfigurationList = A070257B2C277614001C8E96 /* Build configuration list for PBXNativeTarget "MusicAppUITests" */;
			buildPhases = (
				A07025672C277614001C8E96 /* Sources */,
				A07025682C277614001C8E96 /* Frameworks */,
				A07025692C277614001C8E96 /* Resources */,
			);
			buildRules = (
			);
			dependencies = (
				A070256D2C277614001C8E96 /* PBXTargetDependency */,
			);
			name = MusicAppUITests;
			productName = MusicAppUITests;
			productReference = A070256B2C277614001C8E96 /* MusicAppUITests.xctest */;
			productType = "com.apple.product-type.bundle.ui-testing";
		};
/* End PBXNativeTarget section */

/* Begin PBXProject section */
		A07025492C277613001C8E96 /* Project object */ = {
			isa = PBXProject;
			attributes = {
				BuildIndependentTargetsInParallel = 1;
				LastSwiftUpdateCheck = 1540;
				LastUpgradeCheck = 1540;
				TargetAttributes = {
					A07025502C277613001C8E96 = {
						CreatedOnToolsVersion = 15.4;
					};
					A07025602C277614001C8E96 = {
						CreatedOnToolsVersion = 15.4;
						TestTargetID = A07025502C277613001C8E96;
					};
					A070256A2C277614001C8E96 = {
						CreatedOnToolsVersion = 15.4;
						TestTargetID = A07025502C277613001C8E96;
					};
				};
			};
			buildConfigurationList = A070254C2C277613001C8E96 /* Build configuration list for PBXProject "MusicApp" */;
			compatibilityVersion = "Xcode 14.0";
			developmentRegion = en;
			hasScannedForEncodings = 0;
			knownRegions = (
				en,
				Base,
			);
			mainGroup = A07025482C277613001C8E96;
			packageReferences = (
				A07025A42C278C73001C8E96 /* XCRemoteSwiftPackageReference "firebase-ios-sdk" */,
			);
			productRefGroup = A07025522C277613001C8E96 /* Products */;
			projectDirPath = "";
			projectRoot = "";
			targets = (
				A07025502C277613001C8E96 /* MusicApp */,
				A07025602C277614001C8E96 /* MusicAppTests */,
				A070256A2C277614001C8E96 /* MusicAppUITests */,
			);
		};
/* End PBXProject section */

/* Begin PBXResourcesBuildPhase section */
		A070254F2C277613001C8E96 /* Resources */ = {
			isa = PBXResourcesBuildPhase;
			buildActionMask = 2147483647;
			files = (
				A07025CD2C28B05B001C8E96 /* GoogleService-Info.plist in Resources */,
				A070255C2C277614001C8E96 /* Preview Assets.xcassets in Resources */,
				A07025592C277614001C8E96 /* Assets.xcassets in Resources */,
			);
			runOnlyForDeploymentPostprocessing = 0;
		};
		A070255F2C277614001C8E96 /* Resources */ = {
			isa = PBXResourcesBuildPhase;
			buildActionMask = 2147483647;
			files = (
				A07025CE2C28B05C001C8E96 /* GoogleService-Info.plist in Resources */,
			);
			runOnlyForDeploymentPostprocessing = 0;
		};
		A07025692C277614001C8E96 /* Resources */ = {
			isa = PBXResourcesBuildPhase;
			buildActionMask = 2147483647;
			files = (
				A07025CF2C28B05C001C8E96 /* GoogleService-Info.plist in Resources */,
			);
			runOnlyForDeploymentPostprocessing = 0;
		};
/* End PBXResourcesBuildPhase section */

/* Begin PBXSourcesBuildPhase section */
		A070254D2C277613001C8E96 /* Sources */ = {
			isa = PBXSourcesBuildPhase;
			buildActionMask = 2147483647;
			files = (
				A07025C82C28ABCB001C8E96 /* SpotifyService.swift in Sources */,
				A0EDB4C42C31C9FF00FAD806 /* ChartView.swift in Sources */,
				A0196D9E2C5E9C54001E3635 /* RootViewModel.swift in Sources */,
				A07025572C277613001C8E96 /* ContentView.swift in Sources */,
				A0163A832C31BFB4009CE295 /* RecentlyPlayed.swift in Sources */,
				A070259D2C278B6F001C8E96 /* Keys.swift in Sources */,
				A0196DA02C5E9DB8001E3635 /* LoginView.swift in Sources */,
				A0196DAA2C5EA036001E3635 /* CreatePasswordView.swift in Sources */,
				A07025A32C278C2D001C8E96 /* AuthService.swift in Sources */,
				A0163A872C31C455009CE295 /* SearchBar.swift in Sources */,
				A0196DA42C5E9F5C001E3635 /* AddEmailView.swift in Sources */,
				A0196DA62C5E9F8E001E3635 /* RegistrationViewModel.swift in Sources */,
				A00BC06F2C5724E500B8E24D /* Modifiers.swift in Sources */,
				A0EDB4C92C3201EE00FAD806 /* ProfileHeaderView.swift in Sources */,
				A00BC0712C5725AD00B8E24D /* AlbumSongView.swift in Sources */,
				A0196D9B2C5E9BE5001E3635 /* RootView.swift in Sources */,
				A0196DA22C5E9DC4001E3635 /* LoginViewModel.swift in Sources */,
				A00BC06B2C559E5600B8E24D /* ScreenSize.swift in Sources */,
				A0B7E3FC2C5FF07600929B4A /* ProfileView.swift in Sources */,
				A0B7E3FE2C5FF0B700929B4A /* ProfileRowView.swift in Sources */,
				A07025C22C27994C001C8E96 /* Playlist.swift in Sources */,
				A00BC0742C5727B200B8E24D /* StarView.swift in Sources */,
				A07025552C277613001C8E96 /* MusicAppApp.swift in Sources */,
				A07025C62C2799B2001C8E96 /* Album.swift in Sources */,
				A00BC06D2C55A1B800B8E24D /* AlbumView.swift in Sources */,
				A070257F2C277638001C8E96 /* User.swift in Sources */,
				A07025C42C279974001C8E96 /* Artist.swift in Sources */,
				A0196DAC2C5EA05D001E3635 /* CompleteSignUpView.swift in Sources */,
				A00BC0672C559DB300B8E24D /* SongView.swift in Sources */,
				A07025C02C279929001C8E96 /* Track.swift in Sources */,
				A0196DA82C5EA010001E3635 /* CreateUsernameView.swift in Sources */,
				A0EDB4C62C31CAFE00FAD806 /* OuterChartView.swift in Sources */,
			);
			runOnlyForDeploymentPostprocessing = 0;
		};
		A070255D2C277614001C8E96 /* Sources */ = {
			isa = PBXSourcesBuildPhase;
			buildActionMask = 2147483647;
			files = (
				A07025662C277614001C8E96 /* MusicAppTests.swift in Sources */,
			);
			runOnlyForDeploymentPostprocessing = 0;
		};
		A07025672C277614001C8E96 /* Sources */ = {
			isa = PBXSourcesBuildPhase;
			buildActionMask = 2147483647;
			files = (
				A07025722C277614001C8E96 /* MusicAppUITestsLaunchTests.swift in Sources */,
				A07025702C277614001C8E96 /* MusicAppUITests.swift in Sources */,
			);
			runOnlyForDeploymentPostprocessing = 0;
		};
/* End PBXSourcesBuildPhase section */

/* Begin PBXTargetDependency section */
		A07025632C277614001C8E96 /* PBXTargetDependency */ = {
			isa = PBXTargetDependency;
			target = A07025502C277613001C8E96 /* MusicApp */;
			targetProxy = A07025622C277614001C8E96 /* PBXContainerItemProxy */;
		};
		A070256D2C277614001C8E96 /* PBXTargetDependency */ = {
			isa = PBXTargetDependency;
			target = A07025502C277613001C8E96 /* MusicApp */;
			targetProxy = A070256C2C277614001C8E96 /* PBXContainerItemProxy */;
		};
/* End PBXTargetDependency section */

/* Begin XCBuildConfiguration section */
		A07025732C277614001C8E96 /* Debug */ = {
			isa = XCBuildConfiguration;
			buildSettings = {
				ALWAYS_SEARCH_USER_PATHS = NO;
				ASSETCATALOG_COMPILER_GENERATE_SWIFT_ASSET_SYMBOL_EXTENSIONS = YES;
				CLANG_ANALYZER_NONNULL = YES;
				CLANG_ANALYZER_NUMBER_OBJECT_CONVERSION = YES_AGGRESSIVE;
				CLANG_CXX_LANGUAGE_STANDARD = "gnu++20";
				CLANG_ENABLE_MODULES = YES;
				CLANG_ENABLE_OBJC_ARC = YES;
				CLANG_ENABLE_OBJC_WEAK = YES;
				CLANG_WARN_BLOCK_CAPTURE_AUTORELEASING = YES;
				CLANG_WARN_BOOL_CONVERSION = YES;
				CLANG_WARN_COMMA = YES;
				CLANG_WARN_CONSTANT_CONVERSION = YES;
				CLANG_WARN_DEPRECATED_OBJC_IMPLEMENTATIONS = YES;
				CLANG_WARN_DIRECT_OBJC_ISA_USAGE = YES_ERROR;
				CLANG_WARN_DOCUMENTATION_COMMENTS = YES;
				CLANG_WARN_EMPTY_BODY = YES;
				CLANG_WARN_ENUM_CONVERSION = YES;
				CLANG_WARN_INFINITE_RECURSION = YES;
				CLANG_WARN_INT_CONVERSION = YES;
				CLANG_WARN_NON_LITERAL_NULL_CONVERSION = YES;
				CLANG_WARN_OBJC_IMPLICIT_RETAIN_SELF = YES;
				CLANG_WARN_OBJC_LITERAL_CONVERSION = YES;
				CLANG_WARN_OBJC_ROOT_CLASS = YES_ERROR;
				CLANG_WARN_QUOTED_INCLUDE_IN_FRAMEWORK_HEADER = YES;
				CLANG_WARN_RANGE_LOOP_ANALYSIS = YES;
				CLANG_WARN_STRICT_PROTOTYPES = YES;
				CLANG_WARN_SUSPICIOUS_MOVE = YES;
				CLANG_WARN_UNGUARDED_AVAILABILITY = YES_AGGRESSIVE;
				CLANG_WARN_UNREACHABLE_CODE = YES;
				CLANG_WARN__DUPLICATE_METHOD_MATCH = YES;
				COPY_PHASE_STRIP = NO;
				DEBUG_INFORMATION_FORMAT = dwarf;
				ENABLE_STRICT_OBJC_MSGSEND = YES;
				ENABLE_TESTABILITY = YES;
				ENABLE_USER_SCRIPT_SANDBOXING = YES;
				GCC_C_LANGUAGE_STANDARD = gnu17;
				GCC_DYNAMIC_NO_PIC = NO;
				GCC_NO_COMMON_BLOCKS = YES;
				GCC_OPTIMIZATION_LEVEL = 0;
				GCC_PREPROCESSOR_DEFINITIONS = (
					"DEBUG=1",
					"$(inherited)",
				);
				GCC_WARN_64_TO_32_BIT_CONVERSION = YES;
				GCC_WARN_ABOUT_RETURN_TYPE = YES_ERROR;
				GCC_WARN_UNDECLARED_SELECTOR = YES;
				GCC_WARN_UNINITIALIZED_AUTOS = YES_AGGRESSIVE;
				GCC_WARN_UNUSED_FUNCTION = YES;
				GCC_WARN_UNUSED_VARIABLE = YES;
				IPHONEOS_DEPLOYMENT_TARGET = 17.5;
				LOCALIZATION_PREFERS_STRING_CATALOGS = YES;
				MTL_ENABLE_DEBUG_INFO = INCLUDE_SOURCE;
				MTL_FAST_MATH = YES;
				ONLY_ACTIVE_ARCH = YES;
				SDKROOT = iphoneos;
				SWIFT_ACTIVE_COMPILATION_CONDITIONS = "DEBUG $(inherited)";
				SWIFT_OPTIMIZATION_LEVEL = "-Onone";
			};
			name = Debug;
		};
		A07025742C277614001C8E96 /* Release */ = {
			isa = XCBuildConfiguration;
			buildSettings = {
				ALWAYS_SEARCH_USER_PATHS = NO;
				ASSETCATALOG_COMPILER_GENERATE_SWIFT_ASSET_SYMBOL_EXTENSIONS = YES;
				CLANG_ANALYZER_NONNULL = YES;
				CLANG_ANALYZER_NUMBER_OBJECT_CONVERSION = YES_AGGRESSIVE;
				CLANG_CXX_LANGUAGE_STANDARD = "gnu++20";
				CLANG_ENABLE_MODULES = YES;
				CLANG_ENABLE_OBJC_ARC = YES;
				CLANG_ENABLE_OBJC_WEAK = YES;
				CLANG_WARN_BLOCK_CAPTURE_AUTORELEASING = YES;
				CLANG_WARN_BOOL_CONVERSION = YES;
				CLANG_WARN_COMMA = YES;
				CLANG_WARN_CONSTANT_CONVERSION = YES;
				CLANG_WARN_DEPRECATED_OBJC_IMPLEMENTATIONS = YES;
				CLANG_WARN_DIRECT_OBJC_ISA_USAGE = YES_ERROR;
				CLANG_WARN_DOCUMENTATION_COMMENTS = YES;
				CLANG_WARN_EMPTY_BODY = YES;
				CLANG_WARN_ENUM_CONVERSION = YES;
				CLANG_WARN_INFINITE_RECURSION = YES;
				CLANG_WARN_INT_CONVERSION = YES;
				CLANG_WARN_NON_LITERAL_NULL_CONVERSION = YES;
				CLANG_WARN_OBJC_IMPLICIT_RETAIN_SELF = YES;
				CLANG_WARN_OBJC_LITERAL_CONVERSION = YES;
				CLANG_WARN_OBJC_ROOT_CLASS = YES_ERROR;
				CLANG_WARN_QUOTED_INCLUDE_IN_FRAMEWORK_HEADER = YES;
				CLANG_WARN_RANGE_LOOP_ANALYSIS = YES;
				CLANG_WARN_STRICT_PROTOTYPES = YES;
				CLANG_WARN_SUSPICIOUS_MOVE = YES;
				CLANG_WARN_UNGUARDED_AVAILABILITY = YES_AGGRESSIVE;
				CLANG_WARN_UNREACHABLE_CODE = YES;
				CLANG_WARN__DUPLICATE_METHOD_MATCH = YES;
				COPY_PHASE_STRIP = NO;
				DEBUG_INFORMATION_FORMAT = "dwarf-with-dsym";
				ENABLE_NS_ASSERTIONS = NO;
				ENABLE_STRICT_OBJC_MSGSEND = YES;
				ENABLE_USER_SCRIPT_SANDBOXING = YES;
				GCC_C_LANGUAGE_STANDARD = gnu17;
				GCC_NO_COMMON_BLOCKS = YES;
				GCC_WARN_64_TO_32_BIT_CONVERSION = YES;
				GCC_WARN_ABOUT_RETURN_TYPE = YES_ERROR;
				GCC_WARN_UNDECLARED_SELECTOR = YES;
				GCC_WARN_UNINITIALIZED_AUTOS = YES_AGGRESSIVE;
				GCC_WARN_UNUSED_FUNCTION = YES;
				GCC_WARN_UNUSED_VARIABLE = YES;
				IPHONEOS_DEPLOYMENT_TARGET = 17.5;
				LOCALIZATION_PREFERS_STRING_CATALOGS = YES;
				MTL_ENABLE_DEBUG_INFO = NO;
				MTL_FAST_MATH = YES;
				SDKROOT = iphoneos;
				SWIFT_COMPILATION_MODE = wholemodule;
				VALIDATE_PRODUCT = YES;
			};
			name = Release;
		};
		A07025762C277614001C8E96 /* Debug */ = {
			isa = XCBuildConfiguration;
			buildSettings = {
				ASSETCATALOG_COMPILER_APPICON_NAME = AppIcon;
				ASSETCATALOG_COMPILER_GLOBAL_ACCENT_COLOR_NAME = AccentColor;
				CODE_SIGN_STYLE = Automatic;
				CURRENT_PROJECT_VERSION = 1;
				DEVELOPMENT_ASSET_PATHS = "\"MusicApp/Preview Content\"";
				DEVELOPMENT_TEAM = 2V9PJ4F97F;
				ENABLE_PREVIEWS = YES;
				GENERATE_INFOPLIST_FILE = YES;
				INFOPLIST_KEY_UIApplicationSceneManifest_Generation = YES;
				INFOPLIST_KEY_UIApplicationSupportsIndirectInputEvents = YES;
				INFOPLIST_KEY_UILaunchScreen_Generation = YES;
				INFOPLIST_KEY_UISupportedInterfaceOrientations_iPad = "UIInterfaceOrientationPortrait UIInterfaceOrientationPortraitUpsideDown UIInterfaceOrientationLandscapeLeft UIInterfaceOrientationLandscapeRight";
				INFOPLIST_KEY_UISupportedInterfaceOrientations_iPhone = "UIInterfaceOrientationPortrait UIInterfaceOrientationLandscapeLeft UIInterfaceOrientationLandscapeRight";
				LD_RUNPATH_SEARCH_PATHS = (
					"$(inherited)",
					"@executable_path/Frameworks",
				);
				MARKETING_VERSION = 1.0;
				PRODUCT_BUNDLE_IDENTIFIER = com.MatthewLow.MusicApp;
				PRODUCT_NAME = "$(TARGET_NAME)";
				SWIFT_EMIT_LOC_STRINGS = YES;
				SWIFT_VERSION = 5.0;
				TARGETED_DEVICE_FAMILY = "1,2";
			};
			name = Debug;
		};
		A07025772C277614001C8E96 /* Release */ = {
			isa = XCBuildConfiguration;
			buildSettings = {
				ASSETCATALOG_COMPILER_APPICON_NAME = AppIcon;
				ASSETCATALOG_COMPILER_GLOBAL_ACCENT_COLOR_NAME = AccentColor;
				CODE_SIGN_STYLE = Automatic;
				CURRENT_PROJECT_VERSION = 1;
				DEVELOPMENT_ASSET_PATHS = "\"MusicApp/Preview Content\"";
				DEVELOPMENT_TEAM = 2V9PJ4F97F;
				ENABLE_PREVIEWS = YES;
				GENERATE_INFOPLIST_FILE = YES;
				INFOPLIST_KEY_UIApplicationSceneManifest_Generation = YES;
				INFOPLIST_KEY_UIApplicationSupportsIndirectInputEvents = YES;
				INFOPLIST_KEY_UILaunchScreen_Generation = YES;
				INFOPLIST_KEY_UISupportedInterfaceOrientations_iPad = "UIInterfaceOrientationPortrait UIInterfaceOrientationPortraitUpsideDown UIInterfaceOrientationLandscapeLeft UIInterfaceOrientationLandscapeRight";
				INFOPLIST_KEY_UISupportedInterfaceOrientations_iPhone = "UIInterfaceOrientationPortrait UIInterfaceOrientationLandscapeLeft UIInterfaceOrientationLandscapeRight";
				LD_RUNPATH_SEARCH_PATHS = (
					"$(inherited)",
					"@executable_path/Frameworks",
				);
				MARKETING_VERSION = 1.0;
				PRODUCT_BUNDLE_IDENTIFIER = com.MatthewLow.MusicApp;
				PRODUCT_NAME = "$(TARGET_NAME)";
				SWIFT_EMIT_LOC_STRINGS = YES;
				SWIFT_VERSION = 5.0;
				TARGETED_DEVICE_FAMILY = "1,2";
			};
			name = Release;
		};
		A07025792C277614001C8E96 /* Debug */ = {
			isa = XCBuildConfiguration;
			buildSettings = {
				ALWAYS_EMBED_SWIFT_STANDARD_LIBRARIES = YES;
				BUNDLE_LOADER = "$(TEST_HOST)";
				CODE_SIGN_STYLE = Automatic;
				CURRENT_PROJECT_VERSION = 1;
				DEVELOPMENT_TEAM = 2V9PJ4F97F;
				GENERATE_INFOPLIST_FILE = YES;
				IPHONEOS_DEPLOYMENT_TARGET = 17.5;
				MARKETING_VERSION = 1.0;
				PRODUCT_BUNDLE_IDENTIFIER = com.MatthewLow.MusicAppTests;
				PRODUCT_NAME = "$(TARGET_NAME)";
				SWIFT_EMIT_LOC_STRINGS = NO;
				SWIFT_VERSION = 5.0;
				TARGETED_DEVICE_FAMILY = "1,2";
				TEST_HOST = "$(BUILT_PRODUCTS_DIR)/MusicApp.app/$(BUNDLE_EXECUTABLE_FOLDER_PATH)/MusicApp";
			};
			name = Debug;
		};
		A070257A2C277614001C8E96 /* Release */ = {
			isa = XCBuildConfiguration;
			buildSettings = {
				ALWAYS_EMBED_SWIFT_STANDARD_LIBRARIES = YES;
				BUNDLE_LOADER = "$(TEST_HOST)";
				CODE_SIGN_STYLE = Automatic;
				CURRENT_PROJECT_VERSION = 1;
				DEVELOPMENT_TEAM = 2V9PJ4F97F;
				GENERATE_INFOPLIST_FILE = YES;
				IPHONEOS_DEPLOYMENT_TARGET = 17.5;
				MARKETING_VERSION = 1.0;
				PRODUCT_BUNDLE_IDENTIFIER = com.MatthewLow.MusicAppTests;
				PRODUCT_NAME = "$(TARGET_NAME)";
				SWIFT_EMIT_LOC_STRINGS = NO;
				SWIFT_VERSION = 5.0;
				TARGETED_DEVICE_FAMILY = "1,2";
				TEST_HOST = "$(BUILT_PRODUCTS_DIR)/MusicApp.app/$(BUNDLE_EXECUTABLE_FOLDER_PATH)/MusicApp";
			};
			name = Release;
		};
		A070257C2C277614001C8E96 /* Debug */ = {
			isa = XCBuildConfiguration;
			buildSettings = {
				ALWAYS_EMBED_SWIFT_STANDARD_LIBRARIES = YES;
				CODE_SIGN_STYLE = Automatic;
				CURRENT_PROJECT_VERSION = 1;
				DEVELOPMENT_TEAM = 2V9PJ4F97F;
				GENERATE_INFOPLIST_FILE = YES;
				MARKETING_VERSION = 1.0;
				PRODUCT_BUNDLE_IDENTIFIER = com.MatthewLow.MusicAppUITests;
				PRODUCT_NAME = "$(TARGET_NAME)";
				SWIFT_EMIT_LOC_STRINGS = NO;
				SWIFT_VERSION = 5.0;
				TARGETED_DEVICE_FAMILY = "1,2";
				TEST_TARGET_NAME = MusicApp;
			};
			name = Debug;
		};
		A070257D2C277614001C8E96 /* Release */ = {
			isa = XCBuildConfiguration;
			buildSettings = {
				ALWAYS_EMBED_SWIFT_STANDARD_LIBRARIES = YES;
				CODE_SIGN_STYLE = Automatic;
				CURRENT_PROJECT_VERSION = 1;
				DEVELOPMENT_TEAM = 2V9PJ4F97F;
				GENERATE_INFOPLIST_FILE = YES;
				MARKETING_VERSION = 1.0;
				PRODUCT_BUNDLE_IDENTIFIER = com.MatthewLow.MusicAppUITests;
				PRODUCT_NAME = "$(TARGET_NAME)";
				SWIFT_EMIT_LOC_STRINGS = NO;
				SWIFT_VERSION = 5.0;
				TARGETED_DEVICE_FAMILY = "1,2";
				TEST_TARGET_NAME = MusicApp;
			};
			name = Release;
		};
/* End XCBuildConfiguration section */

/* Begin XCConfigurationList section */
		A070254C2C277613001C8E96 /* Build configuration list for PBXProject "MusicApp" */ = {
			isa = XCConfigurationList;
			buildConfigurations = (
				A07025732C277614001C8E96 /* Debug */,
				A07025742C277614001C8E96 /* Release */,
			);
			defaultConfigurationIsVisible = 0;
			defaultConfigurationName = Release;
		};
		A07025752C277614001C8E96 /* Build configuration list for PBXNativeTarget "MusicApp" */ = {
			isa = XCConfigurationList;
			buildConfigurations = (
				A07025762C277614001C8E96 /* Debug */,
				A07025772C277614001C8E96 /* Release */,
			);
			defaultConfigurationIsVisible = 0;
			defaultConfigurationName = Release;
		};
		A07025782C277614001C8E96 /* Build configuration list for PBXNativeTarget "MusicAppTests" */ = {
			isa = XCConfigurationList;
			buildConfigurations = (
				A07025792C277614001C8E96 /* Debug */,
				A070257A2C277614001C8E96 /* Release */,
			);
			defaultConfigurationIsVisible = 0;
			defaultConfigurationName = Release;
		};
		A070257B2C277614001C8E96 /* Build configuration list for PBXNativeTarget "MusicAppUITests" */ = {
			isa = XCConfigurationList;
			buildConfigurations = (
				A070257C2C277614001C8E96 /* Debug */,
				A070257D2C277614001C8E96 /* Release */,
			);
			defaultConfigurationIsVisible = 0;
			defaultConfigurationName = Release;
		};
/* End XCConfigurationList section */

/* Begin XCRemoteSwiftPackageReference section */
		A07025A42C278C73001C8E96 /* XCRemoteSwiftPackageReference "firebase-ios-sdk" */ = {
			isa = XCRemoteSwiftPackageReference;
			repositoryURL = "https://github.com/firebase/firebase-ios-sdk.git";
			requirement = {
				kind = upToNextMajorVersion;
				minimumVersion = 10.28.0;
			};
		};
/* End XCRemoteSwiftPackageReference section */

/* Begin XCSwiftPackageProductDependency section */
		A06F62422C31BCF10099892F /* FirebaseAppDistribution-Beta */ = {
			isa = XCSwiftPackageProductDependency;
			productName = "FirebaseAppDistribution-Beta";
		};
		A07025A52C278C73001C8E96 /* FirebaseAppCheck */ = {
			isa = XCSwiftPackageProductDependency;
			package = A07025A42C278C73001C8E96 /* XCRemoteSwiftPackageReference "firebase-ios-sdk" */;
			productName = FirebaseAppCheck;
		};
		A07025A72C278C73001C8E96 /* FirebaseAuth */ = {
			isa = XCSwiftPackageProductDependency;
			package = A07025A42C278C73001C8E96 /* XCRemoteSwiftPackageReference "firebase-ios-sdk" */;
			productName = FirebaseAuth;
		};
		A07025A92C278C73001C8E96 /* FirebaseAuthCombine-Community */ = {
			isa = XCSwiftPackageProductDependency;
			package = A07025A42C278C73001C8E96 /* XCRemoteSwiftPackageReference "firebase-ios-sdk" */;
			productName = "FirebaseAuthCombine-Community";
		};
		A07025AB2C278C73001C8E96 /* FirebaseDatabase */ = {
			isa = XCSwiftPackageProductDependency;
			package = A07025A42C278C73001C8E96 /* XCRemoteSwiftPackageReference "firebase-ios-sdk" */;
			productName = FirebaseDatabase;
		};
		A07025AD2C278C73001C8E96 /* FirebaseDatabaseSwift */ = {
			isa = XCSwiftPackageProductDependency;
			package = A07025A42C278C73001C8E96 /* XCRemoteSwiftPackageReference "firebase-ios-sdk" */;
			productName = FirebaseDatabaseSwift;
		};
		A07025AF2C278C73001C8E96 /* FirebaseFirestore */ = {
			isa = XCSwiftPackageProductDependency;
			package = A07025A42C278C73001C8E96 /* XCRemoteSwiftPackageReference "firebase-ios-sdk" */;
			productName = FirebaseFirestore;
		};
		A07025B12C278C73001C8E96 /* FirebaseFirestoreCombine-Community */ = {
			isa = XCSwiftPackageProductDependency;
			package = A07025A42C278C73001C8E96 /* XCRemoteSwiftPackageReference "firebase-ios-sdk" */;
			productName = "FirebaseFirestoreCombine-Community";
		};
		A07025B32C278C73001C8E96 /* FirebaseFirestoreSwift */ = {
			isa = XCSwiftPackageProductDependency;
			package = A07025A42C278C73001C8E96 /* XCRemoteSwiftPackageReference "firebase-ios-sdk" */;
			productName = FirebaseFirestoreSwift;
		};
		A07025B52C278C73001C8E96 /* FirebaseMessaging */ = {
			isa = XCSwiftPackageProductDependency;
			package = A07025A42C278C73001C8E96 /* XCRemoteSwiftPackageReference "firebase-ios-sdk" */;
			productName = FirebaseMessaging;
		};
		A07025B72C278C73001C8E96 /* FirebaseStorage */ = {
			isa = XCSwiftPackageProductDependency;
			package = A07025A42C278C73001C8E96 /* XCRemoteSwiftPackageReference "firebase-ios-sdk" */;
			productName = FirebaseStorage;
		};
		A07025B92C278C73001C8E96 /* FirebaseStorageCombine-Community */ = {
			isa = XCSwiftPackageProductDependency;
			package = A07025A42C278C73001C8E96 /* XCRemoteSwiftPackageReference "firebase-ios-sdk" */;
			productName = "FirebaseStorageCombine-Community";
		};
/* End XCSwiftPackageProductDependency section */
	};
	rootObject = A07025492C277613001C8E96 /* Project object */;
}
